{
  "name": "verdaccio-pkg-demo",
  "version": "1.0.0",
  "lockfileVersion": 1,
  "requires": true,
  "dependencies": {
    "verdaccio-test-package": {
      "version": "1.0.3",
      "resolved": "http://localhost:4873/verdaccio-test-package/-/verdaccio-test-package-1.0.3.tgz",
      "integrity": "sha512-KethTHiCfY7Xv7ApC7yq65awAE10vSbLVoDqnG1KabPd7nfDU9HYfSZRXZbMObLrA6BA/n0W2C7rVVYXjUWacg=="
    }
  }
}
